# THIS IS AN AUTOGENERATED FILE. DO NOT EDIT THIS FILE DIRECTLY.
# yarn lockfile v1


commander@^6.2.0:
  version "6.2.0"
  resolved "https://registry.npm.taobao.org/commander/download/commander-6.2.0.tgz?cache=0&sync_timestamp=1605992729751&other_urls=https%3A%2F%2Fregistry.npm.taobao.org%2Fcommander%2Fdownload%2Fcommander-6.2.0.tgz#b990bfb8ac030aedc6d11bc04d1488ffef56db75"
  integrity sha1-uZC/uKwDCu3G0RvATRSI/+9W23U=
